
Microsoft Visual Studio Solution File, Format Version 12.00
# Visual Studio Version 16
VisualStudioVersion = 16.0.29613.14
MinimumVisualStudioVersion = 10.0.40219.1
Project("{FAE04EC0-301F-11D3-BF4B-00C04F79EFBC}") = "PolymorphismExample", "PolymorphismExample\PolymorphismExample.csproj", "{F7E350F9-CB9E-42E5-BA81-55B6E41D5BD1}"
EndProject
Global
	GlobalSection(SolutionConfigurationPlatforms) = preSolution
		Debug|Any CPU = Debug|Any CPU
		Release|Any CPU = Release|Any CPU
	EndGlobalSection
	GlobalSection(ProjectConfigurationPlatforms) = postSolution
		{F7E350F9-CB9E-42E5-BA81-55B6E41D5BD1}.Debug|Any CPU.ActiveCfg = Debug|Any CPU
		{F7E350F9-CB9E-42E5-BA81-55B6E41D5BD1}.Debug|Any CPU.Build.0 = Debug|Any CPU
		{F7E350F9-CB9E-42E5-BA81-55B6E41D5BD1}.Release|Any CPU.ActiveCfg = Release|Any CPU
		{F7E350F9-CB9E-42E5-BA81-55B6E41D5BD1}.Release|Any CPU.Build.0 = Release|Any CPU
	EndGlobalSection
	GlobalSection(SolutionProperties) = preSolution
		HideSolutionNode = FALSE
	EndGlobalSection
	GlobalSection(ExtensibilityGlobals) = postSolution
		SolutionGuid = {F7C9C736-DFF9-4394-990C-1CD8EF8BA0C8}
	EndGlobalSection
EndGlobal
